
Microsoft Visual Studio Solution File, Format Version 12.00
# Visual Studio Version 17
VisualStudioVersion = 17.7.34018.315
MinimumVisualStudioVersion = 10.0.40219.1
Project("{9A19103F-16F7-4668-BE54-9A1E7A4F7556}") = "MrSquashWatcher", "MrSquashWatcher\MrSquashWatcher.csproj", "{36EF1FD1-4FB8-460D-B174-10D17E50805C}"
EndProject
Project("{9A19103F-16F7-4668-BE54-9A1E7A4F7556}") = "MrSquash.Controls", "MrSquash.Controls\MrSquash.Controls.csproj", "{0CD57459-F72F-4E75-9FE6-F11D369EFCBC}"
EndProject
Project("{2150E333-8FDC-42A3-9474-1A3956D46DE8}") = "Solution Items", "Solution Items", "{B1C63D79-280F-41A5-988D-D0C96DCCA188}"
	ProjectSection(SolutionItems) = preProject
		README.md = README.md
	EndProjectSection
EndProject
Global
	GlobalSection(SolutionConfigurationPlatforms) = preSolution
		Debug|Any CPU = Debug|Any CPU
		Release|Any CPU = Release|Any CPU
	EndGlobalSection
	GlobalSection(ProjectConfigurationPlatforms) = postSolution
		{36EF1FD1-4FB8-460D-B174-10D17E50805C}.Debug|Any CPU.ActiveCfg = Debug|Any CPU
		{36EF1FD1-4FB8-460D-B174-10D17E50805C}.Debug|Any CPU.Build.0 = Debug|Any CPU
		{36EF1FD1-4FB8-460D-B174-10D17E50805C}.Release|Any CPU.ActiveCfg = Release|Any CPU
		{36EF1FD1-4FB8-460D-B174-10D17E50805C}.Release|Any CPU.Build.0 = Release|Any CPU
		{0CD57459-F72F-4E75-9FE6-F11D369EFCBC}.Debug|Any CPU.ActiveCfg = Debug|Any CPU
		{0CD57459-F72F-4E75-9FE6-F11D369EFCBC}.Debug|Any CPU.Build.0 = Debug|Any CPU
		{0CD57459-F72F-4E75-9FE6-F11D369EFCBC}.Release|Any CPU.ActiveCfg = Release|Any CPU
		{0CD57459-F72F-4E75-9FE6-F11D369EFCBC}.Release|Any CPU.Build.0 = Release|Any CPU
	EndGlobalSection
	GlobalSection(SolutionProperties) = preSolution
		HideSolutionNode = FALSE
	EndGlobalSection
	GlobalSection(ExtensibilityGlobals) = postSolution
		SolutionGuid = {7A73EF2E-66C8-4D5B-8EE6-480B76A2313B}
	EndGlobalSection
EndGlobal
